
Microsoft Visual Studio Solution File, Format Version 12.00
Project("{FAE04EC0-301F-11D3-BF4B-00C04F79EFBC}") = "TeltonikaReports", "TeltonikaReports\TeltonikaReports.csproj", "{628D5DAF-3F1E-4CE9-BE55-A3039196DC68}"
EndProject
Project("{FAE04EC0-301F-11D3-BF4B-00C04F79EFBC}") = "DataAccess", "DataAccess\DataAccess.csproj", "{520E4FE5-524F-402F-8678-17257FB1E6C0}"
EndProject
Project("{FAE04EC0-301F-11D3-BF4B-00C04F79EFBC}") = "DataAccess.Tests", "DataAccess.Tests\DataAccess.Tests.csproj", "{0F06BB2C-C4B3-43BD-B549-DE459FD32A51}"
EndProject
Global
	GlobalSection(SolutionConfigurationPlatforms) = preSolution
		Debug|Any CPU = Debug|Any CPU
		Release|Any CPU = Release|Any CPU
	EndGlobalSection
	GlobalSection(ProjectConfigurationPlatforms) = postSolution
		{628D5DAF-3F1E-4CE9-BE55-A3039196DC68}.Debug|Any CPU.ActiveCfg = Debug|Any CPU
		{628D5DAF-3F1E-4CE9-BE55-A3039196DC68}.Debug|Any CPU.Build.0 = Debug|Any CPU
		{628D5DAF-3F1E-4CE9-BE55-A3039196DC68}.Release|Any CPU.ActiveCfg = Release|Any CPU
		{628D5DAF-3F1E-4CE9-BE55-A3039196DC68}.Release|Any CPU.Build.0 = Release|Any CPU
		{520E4FE5-524F-402F-8678-17257FB1E6C0}.Debug|Any CPU.ActiveCfg = Debug|Any CPU
		{520E4FE5-524F-402F-8678-17257FB1E6C0}.Debug|Any CPU.Build.0 = Debug|Any CPU
		{520E4FE5-524F-402F-8678-17257FB1E6C0}.Release|Any CPU.ActiveCfg = Release|Any CPU
		{520E4FE5-524F-402F-8678-17257FB1E6C0}.Release|Any CPU.Build.0 = Release|Any CPU
		{0F06BB2C-C4B3-43BD-B549-DE459FD32A51}.Debug|Any CPU.ActiveCfg = Debug|Any CPU
		{0F06BB2C-C4B3-43BD-B549-DE459FD32A51}.Debug|Any CPU.Build.0 = Debug|Any CPU
		{0F06BB2C-C4B3-43BD-B549-DE459FD32A51}.Release|Any CPU.ActiveCfg = Release|Any CPU
		{0F06BB2C-C4B3-43BD-B549-DE459FD32A51}.Release|Any CPU.Build.0 = Release|Any CPU
	EndGlobalSection
EndGlobal
